// !$*UTF8*$!
{
	archiveVersion = 1;
	classes = {
	};
	objectVersion = 56;
	objects = {

/* Begin PBXBuildFile section */
		CE0B9FAD2ACFEFBB0018B962 /* TicketModel.xcdatamodeld in Sources */ = {isa = PBXBuildFile; fileRef = CE0B9FAB2ACFEFBB0018B962 /* TicketModel.xcdatamodeld */; };
		CE0B9FB02AD035B60018B962 /* TicketModel+CoreDataClass.swift in Sources */ = {isa = PBXBuildFile; fileRef = CE0B9FAE2AD035B60018B962 /* TicketModel+CoreDataClass.swift */; };
		CE0B9FB12AD035B60018B962 /* TicketModel+CoreDataProperties.swift in Sources */ = {isa = PBXBuildFile; fileRef = CE0B9FAF2AD035B60018B962 /* TicketModel+CoreDataProperties.swift */; };
		CE6072D42ABAC888002349B9 /* AppDelegate.swift in Sources */ = {isa = PBXBuildFile; fileRef = CE6072D32ABAC888002349B9 /* AppDelegate.swift */; };
		CE6072D62ABAC888002349B9 /* SceneDelegate.swift in Sources */ = {isa = PBXBuildFile; fileRef = CE6072D52ABAC888002349B9 /* SceneDelegate.swift */; };
		CE6072D82ABAC888002349B9 /* MainVC.swift in Sources */ = {isa = PBXBuildFile; fileRef = CE6072D72ABAC888002349B9 /* MainVC.swift */; };
		CE6072DD2ABAC889002349B9 /* Assets.xcassets in Resources */ = {isa = PBXBuildFile; fileRef = CE6072DC2ABAC889002349B9 /* Assets.xcassets */; };
		CE6072E02ABAC889002349B9 /* LaunchScreen.storyboard in Resources */ = {isa = PBXBuildFile; fileRef = CE6072DE2ABAC889002349B9 /* LaunchScreen.storyboard */; };
		CE6072EB2ABAC889002349B9 /* ModularizeTests.swift in Sources */ = {isa = PBXBuildFile; fileRef = CE6072EA2ABAC889002349B9 /* ModularizeTests.swift */; };
		CE6072F52ABAC889002349B9 /* ModularizeUITests.swift in Sources */ = {isa = PBXBuildFile; fileRef = CE6072F42ABAC889002349B9 /* ModularizeUITests.swift */; };
		CE6072F72ABAC889002349B9 /* ModularizeUITestsLaunchTests.swift in Sources */ = {isa = PBXBuildFile; fileRef = CE6072F62ABAC889002349B9 /* ModularizeUITestsLaunchTests.swift */; };
		CE6073052ABAC99D002349B9 /* TicketModel.swift in Sources */ = {isa = PBXBuildFile; fileRef = CE6073042ABAC99D002349B9 /* TicketModel.swift */; };
		CE6073092ABB37E9002349B9 /* TicketCard.swift in Sources */ = {isa = PBXBuildFile; fileRef = CE6073082ABB37E9002349B9 /* TicketCard.swift */; };
		CE60730B2ABB408F002349B9 /* TicketTableVIew.swift in Sources */ = {isa = PBXBuildFile; fileRef = CE60730A2ABB408F002349B9 /* TicketTableVIew.swift */; };
		CE60730E2ABB4214002349B9 /* TicketListVIewVM.swift in Sources */ = {isa = PBXBuildFile; fileRef = CE60730D2ABB4214002349B9 /* TicketListVIewVM.swift */; };
		CE6073112ABB49CB002349B9 /* ConstraintHelper.swift in Sources */ = {isa = PBXBuildFile; fileRef = CE6073102ABB49CB002349B9 /* ConstraintHelper.swift */; };
		CE6073132ABC1F54002349B9 /* CircularProgressView.swift in Sources */ = {isa = PBXBuildFile; fileRef = CE6073122ABC1F54002349B9 /* CircularProgressView.swift */; };
		CE6073152ABC2146002349B9 /* Extensions.swift in Sources */ = {isa = PBXBuildFile; fileRef = CE6073142ABC2146002349B9 /* Extensions.swift */; };
		CE60731B2ABC7B88002349B9 /* CheckBox.swift in Sources */ = {isa = PBXBuildFile; fileRef = CE60731A2ABC7B88002349B9 /* CheckBox.swift */; };
		CE60731D2ABC8234002349B9 /* sdfks.swift in Sources */ = {isa = PBXBuildFile; fileRef = CE60731C2ABC8234002349B9 /* sdfks.swift */; };
		CE754CF62ACC058900CBFDD5 /* SubTicketVC.swift in Sources */ = {isa = PBXBuildFile; fileRef = CE754CF52ACC058900CBFDD5 /* SubTicketVC.swift */; };
		CEE09D832ABD6C0300E11DFD /* TicketTVC.swift in Sources */ = {isa = PBXBuildFile; fileRef = CEE09D822ABD6C0300E11DFD /* TicketTVC.swift */; };
		CEE09D852ABF381900E11DFD /* Constants.swift in Sources */ = {isa = PBXBuildFile; fileRef = CEE09D842ABF381900E11DFD /* Constants.swift */; };
/* End PBXBuildFile section */

/* Begin PBXContainerItemProxy section */
		CE6072E72ABAC889002349B9 /* PBXContainerItemProxy */ = {
			isa = PBXContainerItemProxy;
			containerPortal = CE6072C82ABAC888002349B9 /* Project object */;
			proxyType = 1;
			remoteGlobalIDString = CE6072CF2ABAC888002349B9;
			remoteInfo = Modularize;
		};
		CE6072F12ABAC889002349B9 /* PBXContainerItemProxy */ = {
			isa = PBXContainerItemProxy;
			containerPortal = CE6072C82ABAC888002349B9 /* Project object */;
			proxyType = 1;
			remoteGlobalIDString = CE6072CF2ABAC888002349B9;
			remoteInfo = Modularize;
		};
/* End PBXContainerItemProxy section */

/* Begin PBXFileReference section */
		CE0B9FAC2ACFEFBB0018B962 /* TicketModel.xcdatamodel */ = {isa = PBXFileReference; lastKnownFileType = wrapper.xcdatamodel; path = TicketModel.xcdatamodel; sourceTree = "<group>"; };
		CE0B9FAE2AD035B60018B962 /* TicketModel+CoreDataClass.swift */ = {isa = PBXFileReference; lastKnownFileType = sourcecode.swift; path = "TicketModel+CoreDataClass.swift"; sourceTree = "<group>"; };
		CE0B9FAF2AD035B60018B962 /* TicketModel+CoreDataProperties.swift */ = {isa = PBXFileReference; lastKnownFileType = sourcecode.swift; path = "TicketModel+CoreDataProperties.swift"; sourceTree = "<group>"; };
		CE6072D02ABAC888002349B9 /* Modularize.app */ = {isa = PBXFileReference; explicitFileType = wrapper.application; includeInIndex = 0; path = Modularize.app; sourceTree = BUILT_PRODUCTS_DIR; };
		CE6072D32ABAC888002349B9 /* AppDelegate.swift */ = {isa = PBXFileReference; lastKnownFileType = sourcecode.swift; path = AppDelegate.swift; sourceTree = "<group>"; };
		CE6072D52ABAC888002349B9 /* SceneDelegate.swift */ = {isa = PBXFileReference; lastKnownFileType = sourcecode.swift; path = SceneDelegate.swift; sourceTree = "<group>"; };
		CE6072D72ABAC888002349B9 /* MainVC.swift */ = {isa = PBXFileReference; lastKnownFileType = sourcecode.swift; path = MainVC.swift; sourceTree = "<group>"; };
		CE6072DC2ABAC889002349B9 /* Assets.xcassets */ = {isa = PBXFileReference; lastKnownFileType = folder.assetcatalog; path = Assets.xcassets; sourceTree = "<group>"; };
		CE6072DF2ABAC889002349B9 /* Base */ = {isa = PBXFileReference; lastKnownFileType = file.storyboard; name = Base; path = Base.lproj/LaunchScreen.storyboard; sourceTree = "<group>"; };
		CE6072E12ABAC889002349B9 /* Info.plist */ = {isa = PBXFileReference; lastKnownFileType = text.plist.xml; path = Info.plist; sourceTree = "<group>"; };
		CE6072E62ABAC889002349B9 /* ModularizeTests.xctest */ = {isa = PBXFileReference; explicitFileType = wrapper.cfbundle; includeInIndex = 0; path = ModularizeTests.xctest; sourceTree = BUILT_PRODUCTS_DIR; };
		CE6072EA2ABAC889002349B9 /* ModularizeTests.swift */ = {isa = PBXFileReference; lastKnownFileType = sourcecode.swift; path = ModularizeTests.swift; sourceTree = "<group>"; };
		CE6072F02ABAC889002349B9 /* ModularizeUITests.xctest */ = {isa = PBXFileReference; explicitFileType = wrapper.cfbundle; includeInIndex = 0; path = ModularizeUITests.xctest; sourceTree = BUILT_PRODUCTS_DIR; };
		CE6072F42ABAC889002349B9 /* ModularizeUITests.swift */ = {isa = PBXFileReference; lastKnownFileType = sourcecode.swift; path = ModularizeUITests.swift; sourceTree = "<group>"; };
		CE6072F62ABAC889002349B9 /* ModularizeUITestsLaunchTests.swift */ = {isa = PBXFileReference; lastKnownFileType = sourcecode.swift; path = ModularizeUITestsLaunchTests.swift; sourceTree = "<group>"; };
		CE6073042ABAC99D002349B9 /* TicketModel.swift */ = {isa = PBXFileReference; lastKnownFileType = sourcecode.swift; path = TicketModel.swift; sourceTree = "<group>"; };
		CE6073082ABB37E9002349B9 /* TicketCard.swift */ = {isa = PBXFileReference; lastKnownFileType = sourcecode.swift; path = TicketCard.swift; sourceTree = "<group>"; };
		CE60730A2ABB408F002349B9 /* TicketTableVIew.swift */ = {isa = PBXFileReference; lastKnownFileType = sourcecode.swift; path = TicketTableVIew.swift; sourceTree = "<group>"; };
		CE60730D2ABB4214002349B9 /* TicketListVIewVM.swift */ = {isa = PBXFileReference; lastKnownFileType = sourcecode.swift; path = TicketListVIewVM.swift; sourceTree = "<group>"; };
		CE6073102ABB49CB002349B9 /* ConstraintHelper.swift */ = {isa = PBXFileReference; lastKnownFileType = sourcecode.swift; path = ConstraintHelper.swift; sourceTree = "<group>"; };
		CE6073122ABC1F54002349B9 /* CircularProgressView.swift */ = {isa = PBXFileReference; lastKnownFileType = sourcecode.swift; path = CircularProgressView.swift; sourceTree = "<group>"; };
		CE6073142ABC2146002349B9 /* Extensions.swift */ = {isa = PBXFileReference; lastKnownFileType = sourcecode.swift; path = Extensions.swift; sourceTree = "<group>"; };
		CE60731A2ABC7B88002349B9 /* CheckBox.swift */ = {isa = PBXFileReference; lastKnownFileType = sourcecode.swift; path = CheckBox.swift; sourceTree = "<group>"; };
		CE60731C2ABC8234002349B9 /* sdfks.swift */ = {isa = PBXFileReference; lastKnownFileType = sourcecode.swift; path = sdfks.swift; sourceTree = "<group>"; };
		CE754CF52ACC058900CBFDD5 /* SubTicketVC.swift */ = {isa = PBXFileReference; lastKnownFileType = sourcecode.swift; path = SubTicketVC.swift; sourceTree = "<group>"; };
		CEE09D822ABD6C0300E11DFD /* TicketTVC.swift */ = {isa = PBXFileReference; lastKnownFileType = sourcecode.swift; path = TicketTVC.swift; sourceTree = "<group>"; };
		CEE09D842ABF381900E11DFD /* Constants.swift */ = {isa = PBXFileReference; lastKnownFileType = sourcecode.swift; path = Constants.swift; sourceTree = "<group>"; };
/* End PBXFileReference section */

/* Begin PBXFrameworksBuildPhase section */
		CE6072CD2ABAC888002349B9 /* Frameworks */ = {
			isa = PBXFrameworksBuildPhase;
			buildActionMask = 2147483647;
			files = (
			);
			runOnlyForDeploymentPostprocessing = 0;
		};
		CE6072E32ABAC889002349B9 /* Frameworks */ = {
			isa = PBXFrameworksBuildPhase;
			buildActionMask = 2147483647;
			files = (
			);
			runOnlyForDeploymentPostprocessing = 0;
		};
		CE6072ED2ABAC889002349B9 /* Frameworks */ = {
			isa = PBXFrameworksBuildPhase;
			buildActionMask = 2147483647;
			files = (
			);
			runOnlyForDeploymentPostprocessing = 0;
		};
/* End PBXFrameworksBuildPhase section */

/* Begin PBXGroup section */
		CE0B9FB32AD0361F0018B962 /* TicketModelItems */ = {
			isa = PBXGroup;
			children = (
				CE0B9FAE2AD035B60018B962 /* TicketModel+CoreDataClass.swift */,
				CE0B9FAF2AD035B60018B962 /* TicketModel+CoreDataProperties.swift */,
				CE0B9FAB2ACFEFBB0018B962 /* TicketModel.xcdatamodeld */,
			);
			path = TicketModelItems;
			sourceTree = "<group>";
		};
		CE6072C72ABAC888002349B9 = {
			isa = PBXGroup;
			children = (
				CE60731C2ABC8234002349B9 /* sdfks.swift */,
				CE6072D22ABAC888002349B9 /* Modularize */,
				CE6072E92ABAC889002349B9 /* ModularizeTests */,
				CE6072F32ABAC889002349B9 /* ModularizeUITests */,
				CE6072D12ABAC888002349B9 /* Products */,
			);
			sourceTree = "<group>";
		};
		CE6072D12ABAC888002349B9 /* Products */ = {
			isa = PBXGroup;
			children = (
				CE6072D02ABAC888002349B9 /* Modularize.app */,
				CE6072E62ABAC889002349B9 /* ModularizeTests.xctest */,
				CE6072F02ABAC889002349B9 /* ModularizeUITests.xctest */,
			);
			name = Products;
			sourceTree = "<group>";
		};
		CE6072D22ABAC888002349B9 /* Modularize */ = {
			isa = PBXGroup;
			children = (
				CE0B9FB32AD0361F0018B962 /* TicketModelItems */,
				CE60730F2ABB49AB002349B9 /* Managers */,
				CE60730C2ABB41D8002349B9 /* ViewModel */,
				CE6073072ABB2FE2002349B9 /* View */,
				CE6073062ABB2FD0002349B9 /* Controllers */,
				CE6073032ABAC983002349B9 /* Model */,
				CE6072D32ABAC888002349B9 /* AppDelegate.swift */,
				CE6072D52ABAC888002349B9 /* SceneDelegate.swift */,
				CE6072DC2ABAC889002349B9 /* Assets.xcassets */,
				CE6072DE2ABAC889002349B9 /* LaunchScreen.storyboard */,
				CE6072E12ABAC889002349B9 /* Info.plist */,
			);
			path = Modularize;
			sourceTree = "<group>";
		};
		CE6072E92ABAC889002349B9 /* ModularizeTests */ = {
			isa = PBXGroup;
			children = (
				CE6072EA2ABAC889002349B9 /* ModularizeTests.swift */,
			);
			path = ModularizeTests;
			sourceTree = "<group>";
		};
		CE6072F32ABAC889002349B9 /* ModularizeUITests */ = {
			isa = PBXGroup;
			children = (
				CE6072F42ABAC889002349B9 /* ModularizeUITests.swift */,
				CE6072F62ABAC889002349B9 /* ModularizeUITestsLaunchTests.swift */,
			);
			path = ModularizeUITests;
			sourceTree = "<group>";
		};
		CE6073032ABAC983002349B9 /* Model */ = {
			isa = PBXGroup;
			children = (
				CE6073042ABAC99D002349B9 /* TicketModel.swift */,
			);
			path = Model;
			sourceTree = "<group>";
		};
		CE6073062ABB2FD0002349B9 /* Controllers */ = {
			isa = PBXGroup;
			children = (
				CE6072D72ABAC888002349B9 /* MainVC.swift */,
				CE754CF52ACC058900CBFDD5 /* SubTicketVC.swift */,
			);
			path = Controllers;
			sourceTree = "<group>";
		};
		CE6073072ABB2FE2002349B9 /* View */ = {
			isa = PBXGroup;
			children = (
				CE6073082ABB37E9002349B9 /* TicketCard.swift */,
				CE60730A2ABB408F002349B9 /* TicketTableVIew.swift */,
				CE6073122ABC1F54002349B9 /* CircularProgressView.swift */,
				CE60731A2ABC7B88002349B9 /* CheckBox.swift */,
				CEE09D822ABD6C0300E11DFD /* TicketTVC.swift */,
			);
			path = View;
			sourceTree = "<group>";
		};
		CE60730C2ABB41D8002349B9 /* ViewModel */ = {
			isa = PBXGroup;
			children = (
				CE60730D2ABB4214002349B9 /* TicketListVIewVM.swift */,
			);
			path = ViewModel;
			sourceTree = "<group>";
		};
		CE60730F2ABB49AB002349B9 /* Managers */ = {
			isa = PBXGroup;
			children = (
				CE6073102ABB49CB002349B9 /* ConstraintHelper.swift */,
				CE6073142ABC2146002349B9 /* Extensions.swift */,
				CEE09D842ABF381900E11DFD /* Constants.swift */,
			);
			path = Managers;
			sourceTree = "<group>";
		};
/* End PBXGroup section */

/* Begin PBXNativeTarget section */
		CE6072CF2ABAC888002349B9 /* Modularize */ = {
			isa = PBXNativeTarget;
			buildConfigurationList = CE6072FA2ABAC889002349B9 /* Build configuration list for PBXNativeTarget "Modularize" */;
			buildPhases = (
				CE6072CC2ABAC888002349B9 /* Sources */,
				CE6072CD2ABAC888002349B9 /* Frameworks */,
				CE6072CE2ABAC888002349B9 /* Resources */,
			);
			buildRules = (
			);
			dependencies = (
			);
			name = Modularize;
			productName = Modularize;
			productReference = CE6072D02ABAC888002349B9 /* Modularize.app */;
			productType = "com.apple.product-type.application";
		};
		CE6072E52ABAC889002349B9 /* ModularizeTests */ = {
			isa = PBXNativeTarget;
			buildConfigurationList = CE6072FD2ABAC889002349B9 /* Build configuration list for PBXNativeTarget "ModularizeTests" */;
			buildPhases = (
				CE6072E22ABAC889002349B9 /* Sources */,
				CE6072E32ABAC889002349B9 /* Frameworks */,
				CE6072E42ABAC889002349B9 /* Resources */,
			);
			buildRules = (
			);
			dependencies = (
				CE6072E82ABAC889002349B9 /* PBXTargetDependency */,
			);
			name = ModularizeTests;
			productName = ModularizeTests;
			productReference = CE6072E62ABAC889002349B9 /* ModularizeTests.xctest */;
			productType = "com.apple.product-type.bundle.unit-test";
		};
		CE6072EF2ABAC889002349B9 /* ModularizeUITests */ = {
			isa = PBXNativeTarget;
			buildConfigurationList = CE6073002ABAC889002349B9 /* Build configuration list for PBXNativeTarget "ModularizeUITests" */;
			buildPhases = (
				CE6072EC2ABAC889002349B9 /* Sources */,
				CE6072ED2ABAC889002349B9 /* Frameworks */,
				CE6072EE2ABAC889002349B9 /* Resources */,
			);
			buildRules = (
			);
			dependencies = (
				CE6072F22ABAC889002349B9 /* PBXTargetDependency */,
			);
			name = ModularizeUITests;
			productName = ModularizeUITests;
			productReference = CE6072F02ABAC889002349B9 /* ModularizeUITests.xctest */;
			productType = "com.apple.product-type.bundle.ui-testing";
		};
/* End PBXNativeTarget section */

/* Begin PBXProject section */
		CE6072C82ABAC888002349B9 /* Project object */ = {
			isa = PBXProject;
			attributes = {
				BuildIndependentTargetsInParallel = 1;
				LastSwiftUpdateCheck = 1430;
				LastUpgradeCheck = 1500;
				TargetAttributes = {
					CE6072CF2ABAC888002349B9 = {
						CreatedOnToolsVersion = 14.3.1;
					};
					CE6072E52ABAC889002349B9 = {
						CreatedOnToolsVersion = 14.3.1;
						TestTargetID = CE6072CF2ABAC888002349B9;
					};
					CE6072EF2ABAC889002349B9 = {
						CreatedOnToolsVersion = 14.3.1;
						TestTargetID = CE6072CF2ABAC888002349B9;
					};
				};
			};
			buildConfigurationList = CE6072CB2ABAC888002349B9 /* Build configuration list for PBXProject "Modularize" */;
			compatibilityVersion = "Xcode 14.0";
			developmentRegion = en;
			hasScannedForEncodings = 0;
			knownRegions = (
				en,
				Base,
			);
			mainGroup = CE6072C72ABAC888002349B9;
			productRefGroup = CE6072D12ABAC888002349B9 /* Products */;
			projectDirPath = "";
			projectRoot = "";
			targets = (
				CE6072CF2ABAC888002349B9 /* Modularize */,
				CE6072E52ABAC889002349B9 /* ModularizeTests */,
				CE6072EF2ABAC889002349B9 /* ModularizeUITests */,
			);
		};
/* End PBXProject section */

/* Begin PBXResourcesBuildPhase section */
		CE6072CE2ABAC888002349B9 /* Resources */ = {
			isa = PBXResourcesBuildPhase;
			buildActionMask = 2147483647;
			files = (
				CE6072E02ABAC889002349B9 /* LaunchScreen.storyboard in Resources */,
				CE6072DD2ABAC889002349B9 /* Assets.xcassets in Resources */,
			);
			runOnlyForDeploymentPostprocessing = 0;
		};
		CE6072E42ABAC889002349B9 /* Resources */ = {
			isa = PBXResourcesBuildPhase;
			buildActionMask = 2147483647;
			files = (
			);
			runOnlyForDeploymentPostprocessing = 0;
		};
		CE6072EE2ABAC889002349B9 /* Resources */ = {
			isa = PBXResourcesBuildPhase;
			buildActionMask = 2147483647;
			files = (
			);
			runOnlyForDeploymentPostprocessing = 0;
		};
/* End PBXResourcesBuildPhase section */

/* Begin PBXSourcesBuildPhase section */
		CE6072CC2ABAC888002349B9 /* Sources */ = {
			isa = PBXSourcesBuildPhase;
			buildActionMask = 2147483647;
			files = (
				CE6072D82ABAC888002349B9 /* MainVC.swift in Sources */,
				CEE09D832ABD6C0300E11DFD /* TicketTVC.swift in Sources */,
				CE6073132ABC1F54002349B9 /* CircularProgressView.swift in Sources */,
				CE754CF62ACC058900CBFDD5 /* SubTicketVC.swift in Sources */,
				CE60730E2ABB4214002349B9 /* TicketListVIewVM.swift in Sources */,
				CE60730B2ABB408F002349B9 /* TicketTableVIew.swift in Sources */,
				CE6073052ABAC99D002349B9 /* TicketModel.swift in Sources */,
				CE0B9FB02AD035B60018B962 /* TicketModel+CoreDataClass.swift in Sources */,
				CE60731D2ABC8234002349B9 /* sdfks.swift in Sources */,
				CE6073152ABC2146002349B9 /* Extensions.swift in Sources */,
				CE6072D42ABAC888002349B9 /* AppDelegate.swift in Sources */,
				CE6073092ABB37E9002349B9 /* TicketCard.swift in Sources */,
				CE60731B2ABC7B88002349B9 /* CheckBox.swift in Sources */,
				CE0B9FAD2ACFEFBB0018B962 /* TicketModel.xcdatamodeld in Sources */,
				CEE09D852ABF381900E11DFD /* Constants.swift in Sources */,
				CE6073112ABB49CB002349B9 /* ConstraintHelper.swift in Sources */,
				CE6072D62ABAC888002349B9 /* SceneDelegate.swift in Sources */,
				CE0B9FB12AD035B60018B962 /* TicketModel+CoreDataProperties.swift in Sources */,
			);
			runOnlyForDeploymentPostprocessing = 0;
		};
		CE6072E22ABAC889002349B9 /* Sources */ = {
			isa = PBXSourcesBuildPhase;
			buildActionMask = 2147483647;
			files = (
				CE6072EB2ABAC889002349B9 /* ModularizeTests.swift in Sources */,
			);
			runOnlyForDeploymentPostprocessing = 0;
		};
		CE6072EC2ABAC889002349B9 /* Sources */ = {
			isa = PBXSourcesBuildPhase;
			buildActionMask = 2147483647;
			files = (
				CE6072F72ABAC889002349B9 /* ModularizeUITestsLaunchTests.swift in Sources */,
				CE6072F52ABAC889002349B9 /* ModularizeUITests.swift in Sources */,
			);
			runOnlyForDeploymentPostprocessing = 0;
		};
/* End PBXSourcesBuildPhase section */

/* Begin PBXTargetDependency section */
		CE6072E82ABAC889002349B9 /* PBXTargetDependency */ = {
			isa = PBXTargetDependency;
			target = CE6072CF2ABAC888002349B9 /* Modularize */;
			targetProxy = CE6072E72ABAC889002349B9 /* PBXContainerItemProxy */;
		};
		CE6072F22ABAC889002349B9 /* PBXTargetDependency */ = {
			isa = PBXTargetDependency;
			target = CE6072CF2ABAC888002349B9 /* Modularize */;
			targetProxy = CE6072F12ABAC889002349B9 /* PBXContainerItemProxy */;
		};
/* End PBXTargetDependency section */

/* Begin PBXVariantGroup section */
		CE6072DE2ABAC889002349B9 /* LaunchScreen.storyboard */ = {
			isa = PBXVariantGroup;
			children = (
				CE6072DF2ABAC889002349B9 /* Base */,
			);
			name = LaunchScreen.storyboard;
			sourceTree = "<group>";
		};
/* End PBXVariantGroup section */

/* Begin XCBuildConfiguration section */
		CE6072F82ABAC889002349B9 /* Debug */ = {
			isa = XCBuildConfiguration;
			buildSettings = {
				ALWAYS_SEARCH_USER_PATHS = NO;
				CLANG_ANALYZER_NONNULL = YES;
				CLANG_ANALYZER_NUMBER_OBJECT_CONVERSION = YES_AGGRESSIVE;
				CLANG_CXX_LANGUAGE_STANDARD = "gnu++20";
				CLANG_ENABLE_MODULES = YES;
				CLANG_ENABLE_OBJC_ARC = YES;
				CLANG_ENABLE_OBJC_WEAK = YES;
				CLANG_WARN_BLOCK_CAPTURE_AUTORELEASING = YES;
				CLANG_WARN_BOOL_CONVERSION = YES;
				CLANG_WARN_COMMA = YES;
				CLANG_WARN_CONSTANT_CONVERSION = YES;
				CLANG_WARN_DEPRECATED_OBJC_IMPLEMENTATIONS = YES;
				CLANG_WARN_DIRECT_OBJC_ISA_USAGE = YES_ERROR;
				CLANG_WARN_DOCUMENTATION_COMMENTS = YES;
				CLANG_WARN_EMPTY_BODY = YES;
				CLANG_WARN_ENUM_CONVERSION = YES;
				CLANG_WARN_INFINITE_RECURSION = YES;
				CLANG_WARN_INT_CONVERSION = YES;
				CLANG_WARN_NON_LITERAL_NULL_CONVERSION = YES;
				CLANG_WARN_OBJC_IMPLICIT_RETAIN_SELF = YES;
				CLANG_WARN_OBJC_LITERAL_CONVERSION = YES;
				CLANG_WARN_OBJC_ROOT_CLASS = YES_ERROR;
				CLANG_WARN_QUOTED_INCLUDE_IN_FRAMEWORK_HEADER = YES;
				CLANG_WARN_RANGE_LOOP_ANALYSIS = YES;
				CLANG_WARN_STRICT_PROTOTYPES = YES;
				CLANG_WARN_SUSPICIOUS_MOVE = YES;
				CLANG_WARN_UNGUARDED_AVAILABILITY = YES_AGGRESSIVE;
				CLANG_WARN_UNREACHABLE_CODE = YES;
				CLANG_WARN__DUPLICATE_METHOD_MATCH = YES;
				COPY_PHASE_STRIP = NO;
				DEBUG_INFORMATION_FORMAT = dwarf;
				ENABLE_STRICT_OBJC_MSGSEND = YES;
				ENABLE_TESTABILITY = YES;
				ENABLE_USER_SCRIPT_SANDBOXING = YES;
				GCC_C_LANGUAGE_STANDARD = gnu11;
				GCC_DYNAMIC_NO_PIC = NO;
				GCC_NO_COMMON_BLOCKS = YES;
				GCC_OPTIMIZATION_LEVEL = 0;
				GCC_PREPROCESSOR_DEFINITIONS = (
					"DEBUG=1",
					"$(inherited)",
				);
				GCC_WARN_64_TO_32_BIT_CONVERSION = YES;
				GCC_WARN_ABOUT_RETURN_TYPE = YES_ERROR;
				GCC_WARN_UNDECLARED_SELECTOR = YES;
				GCC_WARN_UNINITIALIZED_AUTOS = YES_AGGRESSIVE;
				GCC_WARN_UNUSED_FUNCTION = YES;
				GCC_WARN_UNUSED_VARIABLE = YES;
				IPHONEOS_DEPLOYMENT_TARGET = 16.4;
				MTL_ENABLE_DEBUG_INFO = INCLUDE_SOURCE;
				MTL_FAST_MATH = YES;
				ONLY_ACTIVE_ARCH = YES;
				SDKROOT = iphoneos;
				SWIFT_ACTIVE_COMPILATION_CONDITIONS = DEBUG;
				SWIFT_OPTIMIZATION_LEVEL = "-Onone";
			};
			name = Debug;
		};
		CE6072F92ABAC889002349B9 /* Release */ = {
			isa = XCBuildConfiguration;
			buildSettings = {
				ALWAYS_SEARCH_USER_PATHS = NO;
				CLANG_ANALYZER_NONNULL = YES;
				CLANG_ANALYZER_NUMBER_OBJECT_CONVERSION = YES_AGGRESSIVE;
				CLANG_CXX_LANGUAGE_STANDARD = "gnu++20";
				CLANG_ENABLE_MODULES = YES;
				CLANG_ENABLE_OBJC_ARC = YES;
				CLANG_ENABLE_OBJC_WEAK = YES;
				CLANG_WARN_BLOCK_CAPTURE_AUTORELEASING = YES;
				CLANG_WARN_BOOL_CONVERSION = YES;
				CLANG_WARN_COMMA = YES;
				CLANG_WARN_CONSTANT_CONVERSION = YES;
				CLANG_WARN_DEPRECATED_OBJC_IMPLEMENTATIONS = YES;
				CLANG_WARN_DIRECT_OBJC_ISA_USAGE = YES_ERROR;
				CLANG_WARN_DOCUMENTATION_COMMENTS = YES;
				CLANG_WARN_EMPTY_BODY = YES;
				CLANG_WARN_ENUM_CONVERSION = YES;
				CLANG_WARN_INFINITE_RECURSION = YES;
				CLANG_WARN_INT_CONVERSION = YES;
				CLANG_WARN_NON_LITERAL_NULL_CONVERSION = YES;
				CLANG_WARN_OBJC_IMPLICIT_RETAIN_SELF = YES;
				CLANG_WARN_OBJC_LITERAL_CONVERSION = YES;
				CLANG_WARN_OBJC_ROOT_CLASS = YES_ERROR;
				CLANG_WARN_QUOTED_INCLUDE_IN_FRAMEWORK_HEADER = YES;
				CLANG_WARN_RANGE_LOOP_ANALYSIS = YES;
				CLANG_WARN_STRICT_PROTOTYPES = YES;
				CLANG_WARN_SUSPICIOUS_MOVE = YES;
				CLANG_WARN_UNGUARDED_AVAILABILITY = YES_AGGRESSIVE;
				CLANG_WARN_UNREACHABLE_CODE = YES;
				CLANG_WARN__DUPLICATE_METHOD_MATCH = YES;
				COPY_PHASE_STRIP = NO;
				DEBUG_INFORMATION_FORMAT = "dwarf-with-dsym";
				ENABLE_NS_ASSERTIONS = NO;
				ENABLE_STRICT_OBJC_MSGSEND = YES;
				ENABLE_USER_SCRIPT_SANDBOXING = YES;
				GCC_C_LANGUAGE_STANDARD = gnu11;
				GCC_NO_COMMON_BLOCKS = YES;
				GCC_WARN_64_TO_32_BIT_CONVERSION = YES;
				GCC_WARN_ABOUT_RETURN_TYPE = YES_ERROR;
				GCC_WARN_UNDECLARED_SELECTOR = YES;
				GCC_WARN_UNINITIALIZED_AUTOS = YES_AGGRESSIVE;
				GCC_WARN_UNUSED_FUNCTION = YES;
				GCC_WARN_UNUSED_VARIABLE = YES;
				IPHONEOS_DEPLOYMENT_TARGET = 16.4;
				MTL_ENABLE_DEBUG_INFO = NO;
				MTL_FAST_MATH = YES;
				SDKROOT = iphoneos;
				SWIFT_COMPILATION_MODE = wholemodule;
				SWIFT_OPTIMIZATION_LEVEL = "-O";
				VALIDATE_PRODUCT = YES;
			};
			name = Release;
		};
		CE6072FB2ABAC889002349B9 /* Debug */ = {
			isa = XCBuildConfiguration;
			buildSettings = {
				ASSETCATALOG_COMPILER_APPICON_NAME = AppIcon;
				ASSETCATALOG_COMPILER_GLOBAL_ACCENT_COLOR_NAME = AccentColor;
				CODE_SIGN_STYLE = Automatic;
				CURRENT_PROJECT_VERSION = 1;
				DEVELOPMENT_TEAM = TWM6634QX3;
				GENERATE_INFOPLIST_FILE = YES;
				INFOPLIST_FILE = Modularize/Info.plist;
				INFOPLIST_KEY_UIApplicationSupportsIndirectInputEvents = YES;
				INFOPLIST_KEY_UILaunchStoryboardName = LaunchScreen;
				INFOPLIST_KEY_UISupportedInterfaceOrientations_iPad = "UIInterfaceOrientationPortrait UIInterfaceOrientationPortraitUpsideDown UIInterfaceOrientationLandscapeLeft UIInterfaceOrientationLandscapeRight";
				INFOPLIST_KEY_UISupportedInterfaceOrientations_iPhone = "UIInterfaceOrientationPortrait UIInterfaceOrientationLandscapeLeft UIInterfaceOrientationLandscapeRight";
				LD_RUNPATH_SEARCH_PATHS = (
					"$(inherited)",
					"@executable_path/Frameworks",
				);
				MARKETING_VERSION = 1.0;
				PRODUCT_BUNDLE_IDENTIFIER = com.madambi.alju.Modularize;
				PRODUCT_NAME = "$(TARGET_NAME)";
				SWIFT_EMIT_LOC_STRINGS = YES;
				SWIFT_VERSION = 5.0;
				TARGETED_DEVICE_FAMILY = "1,2";
			};
			name = Debug;
		};
		CE6072FC2ABAC889002349B9 /* Release */ = {
			isa = XCBuildConfiguration;
			buildSettings = {
				ASSETCATALOG_COMPILER_APPICON_NAME = AppIcon;
				ASSETCATALOG_COMPILER_GLOBAL_ACCENT_COLOR_NAME = AccentColor;
				CODE_SIGN_STYLE = Automatic;
				CURRENT_PROJECT_VERSION = 1;
				DEVELOPMENT_TEAM = TWM6634QX3;
				GENERATE_INFOPLIST_FILE = YES;
				INFOPLIST_FILE = Modularize/Info.plist;
				INFOPLIST_KEY_UIApplicationSupportsIndirectInputEvents = YES;
				INFOPLIST_KEY_UILaunchStoryboardName = LaunchScreen;
				INFOPLIST_KEY_UISupportedInterfaceOrientations_iPad = "UIInterfaceOrientationPortrait UIInterfaceOrientationPortraitUpsideDown UIInterfaceOrientationLandscapeLeft UIInterfaceOrientationLandscapeRight";
				INFOPLIST_KEY_UISupportedInterfaceOrientations_iPhone = "UIInterfaceOrientationPortrait UIInterfaceOrientationLandscapeLeft UIInterfaceOrientationLandscapeRight";
				LD_RUNPATH_SEARCH_PATHS = (
					"$(inherited)",
					"@executable_path/Frameworks",
				);
				MARKETING_VERSION = 1.0;
				PRODUCT_BUNDLE_IDENTIFIER = com.madambi.alju.Modularize;
				PRODUCT_NAME = "$(TARGET_NAME)";
				SWIFT_EMIT_LOC_STRINGS = YES;
				SWIFT_VERSION = 5.0;
				TARGETED_DEVICE_FAMILY = "1,2";
			};
			name = Release;
		};
		CE6072FE2ABAC889002349B9 /* Debug */ = {
			isa = XCBuildConfiguration;
			buildSettings = {
				ALWAYS_EMBED_SWIFT_STANDARD_LIBRARIES = YES;
				BUNDLE_LOADER = "$(TEST_HOST)";
				CODE_SIGN_STYLE = Automatic;
				CURRENT_PROJECT_VERSION = 1;
				DEVELOPMENT_TEAM = TWM6634QX3;
				GENERATE_INFOPLIST_FILE = YES;
				IPHONEOS_DEPLOYMENT_TARGET = 16.4;
				MARKETING_VERSION = 1.0;
				PRODUCT_BUNDLE_IDENTIFIER = com.madambi.alju.ModularizeTests;
				PRODUCT_NAME = "$(TARGET_NAME)";
				SWIFT_EMIT_LOC_STRINGS = NO;
				SWIFT_VERSION = 5.0;
				TARGETED_DEVICE_FAMILY = "1,2";
				TEST_HOST = "$(BUILT_PRODUCTS_DIR)/Modularize.app/$(BUNDLE_EXECUTABLE_FOLDER_PATH)/Modularize";
			};
			name = Debug;
		};
		CE6072FF2ABAC889002349B9 /* Release */ = {
			isa = XCBuildConfiguration;
			buildSettings = {
				ALWAYS_EMBED_SWIFT_STANDARD_LIBRARIES = YES;
				BUNDLE_LOADER = "$(TEST_HOST)";
				CODE_SIGN_STYLE = Automatic;
				CURRENT_PROJECT_VERSION = 1;
				DEVELOPMENT_TEAM = TWM6634QX3;
				GENERATE_INFOPLIST_FILE = YES;
				IPHONEOS_DEPLOYMENT_TARGET = 16.4;
				MARKETING_VERSION = 1.0;
				PRODUCT_BUNDLE_IDENTIFIER = com.madambi.alju.ModularizeTests;
				PRODUCT_NAME = "$(TARGET_NAME)";
				SWIFT_EMIT_LOC_STRINGS = NO;
				SWIFT_VERSION = 5.0;
				TARGETED_DEVICE_FAMILY = "1,2";
				TEST_HOST = "$(BUILT_PRODUCTS_DIR)/Modularize.app/$(BUNDLE_EXECUTABLE_FOLDER_PATH)/Modularize";
			};
			name = Release;
		};
		CE6073012ABAC889002349B9 /* Debug */ = {
			isa = XCBuildConfiguration;
			buildSettings = {
				ALWAYS_EMBED_SWIFT_STANDARD_LIBRARIES = YES;
				CODE_SIGN_STYLE = Automatic;
				CURRENT_PROJECT_VERSION = 1;
				DEVELOPMENT_TEAM = TWM6634QX3;
				GENERATE_INFOPLIST_FILE = YES;
				MARKETING_VERSION = 1.0;
				PRODUCT_BUNDLE_IDENTIFIER = com.madambi.alju.ModularizeUITests;
				PRODUCT_NAME = "$(TARGET_NAME)";
				SWIFT_EMIT_LOC_STRINGS = NO;
				SWIFT_VERSION = 5.0;
				TARGETED_DEVICE_FAMILY = "1,2";
				TEST_TARGET_NAME = Modularize;
			};
			name = Debug;
		};
		CE6073022ABAC889002349B9 /* Release */ = {
			isa = XCBuildConfiguration;
			buildSettings = {
				ALWAYS_EMBED_SWIFT_STANDARD_LIBRARIES = YES;
				CODE_SIGN_STYLE = Automatic;
				CURRENT_PROJECT_VERSION = 1;
				DEVELOPMENT_TEAM = TWM6634QX3;
				GENERATE_INFOPLIST_FILE = YES;
				MARKETING_VERSION = 1.0;
				PRODUCT_BUNDLE_IDENTIFIER = com.madambi.alju.ModularizeUITests;
				PRODUCT_NAME = "$(TARGET_NAME)";
				SWIFT_EMIT_LOC_STRINGS = NO;
				SWIFT_VERSION = 5.0;
				TARGETED_DEVICE_FAMILY = "1,2";
				TEST_TARGET_NAME = Modularize;
			};
			name = Release;
		};
/* End XCBuildConfiguration section */

/* Begin XCConfigurationList section */
		CE6072CB2ABAC888002349B9 /* Build configuration list for PBXProject "Modularize" */ = {
			isa = XCConfigurationList;
			buildConfigurations = (
				CE6072F82ABAC889002349B9 /* Debug */,
				CE6072F92ABAC889002349B9 /* Release */,
			);
			defaultConfigurationIsVisible = 0;
			defaultConfigurationName = Release;
		};
		CE6072FA2ABAC889002349B9 /* Build configuration list for PBXNativeTarget "Modularize" */ = {
			isa = XCConfigurationList;
			buildConfigurations = (
				CE6072FB2ABAC889002349B9 /* Debug */,
				CE6072FC2ABAC889002349B9 /* Release */,
			);
			defaultConfigurationIsVisible = 0;
			defaultConfigurationName = Release;
		};
		CE6072FD2ABAC889002349B9 /* Build configuration list for PBXNativeTarget "ModularizeTests" */ = {
			isa = XCConfigurationList;
			buildConfigurations = (
				CE6072FE2ABAC889002349B9 /* Debug */,
				CE6072FF2ABAC889002349B9 /* Release */,
			);
			defaultConfigurationIsVisible = 0;
			defaultConfigurationName = Release;
		};
		CE6073002ABAC889002349B9 /* Build configuration list for PBXNativeTarget "ModularizeUITests" */ = {
			isa = XCConfigurationList;
			buildConfigurations = (
				CE6073012ABAC889002349B9 /* Debug */,
				CE6073022ABAC889002349B9 /* Release */,
			);
			defaultConfigurationIsVisible = 0;
			defaultConfigurationName = Release;
		};
/* End XCConfigurationList section */

/* Begin XCVersionGroup section */
		CE0B9FAB2ACFEFBB0018B962 /* TicketModel.xcdatamodeld */ = {
			isa = XCVersionGroup;
			children = (
				CE0B9FAC2ACFEFBB0018B962 /* TicketModel.xcdatamodel */,
			);
			currentVersion = CE0B9FAC2ACFEFBB0018B962 /* TicketModel.xcdatamodel */;
			path = TicketModel.xcdatamodeld;
			sourceTree = "<group>";
			versionGroupType = wrapper.xcdatamodel;
		};
/* End XCVersionGroup section */
	};
	rootObject = CE6072C82ABAC888002349B9 /* Project object */;
}
